
Microsoft Visual Studio Solution File, Format Version 12.00
# Visual Studio Version 17
VisualStudioVersion = 17.12.35707.178 d17.12
MinimumVisualStudioVersion = 10.0.40219.1
Project("{8BC9CEB8-8B4A-11D0-8D11-00A0C91BC942}") = "xll_curl", "xll_curl.vcxproj", "{2189F724-0B1D-44E4-80A5-93F5B30273BC}"
EndProject
Global
	GlobalSection(SolutionConfigurationPlatforms) = preSolution
		Debug|ARM64 = Debug|ARM64
		Debug|x64 = Debug|x64
		Debug|x86 = Debug|x86
		Release|ARM64 = Release|ARM64
		Release|x64 = Release|x64
		Release|x86 = Release|x86
	EndGlobalSection
	GlobalSection(ProjectConfigurationPlatforms) = postSolution
		{2189F724-0B1D-44E4-80A5-93F5B30273BC}.Debug|ARM64.ActiveCfg = Debug|ARM64
		{2189F724-0B1D-44E4-80A5-93F5B30273BC}.Debug|ARM64.Build.0 = Debug|ARM64
		{2189F724-0B1D-44E4-80A5-93F5B30273BC}.Debug|x64.ActiveCfg = Debug|x64
		{2189F724-0B1D-44E4-80A5-93F5B30273BC}.Debug|x64.Build.0 = Debug|x64
		{2189F724-0B1D-44E4-80A5-93F5B30273BC}.Debug|x86.ActiveCfg = Debug|Win32
		{2189F724-0B1D-44E4-80A5-93F5B30273BC}.Debug|x86.Build.0 = Debug|Win32
		{2189F724-0B1D-44E4-80A5-93F5B30273BC}.Release|ARM64.ActiveCfg = Release|ARM64
		{2189F724-0B1D-44E4-80A5-93F5B30273BC}.Release|ARM64.Build.0 = Release|ARM64
		{2189F724-0B1D-44E4-80A5-93F5B30273BC}.Release|x64.ActiveCfg = Release|x64
		{2189F724-0B1D-44E4-80A5-93F5B30273BC}.Release|x64.Build.0 = Release|x64
		{2189F724-0B1D-44E4-80A5-93F5B30273BC}.Release|x86.ActiveCfg = Release|Win32
		{2189F724-0B1D-44E4-80A5-93F5B30273BC}.Release|x86.Build.0 = Release|Win32
	EndGlobalSection
	GlobalSection(SolutionProperties) = preSolution
		HideSolutionNode = FALSE
	EndGlobalSection
EndGlobal
